
Microsoft Visual Studio Solution File, Format Version 12.00
# Visual Studio Version 17
VisualStudioVersion = 17.5.33502.453
MinimumVisualStudioVersion = 10.0.40219.1
Project("{FAE04EC0-301F-11D3-BF4B-00C04F79EFBC}") = "net-calculator-tester", "net-calculator-tester\net-calculator-tester.csproj", "{5C794F16-1D8D-45BF-AFC4-6ED2D18DCBCA}"
EndProject
Project("{FAE04EC0-301F-11D3-BF4B-00C04F79EFBC}") = "CalculatorTests", "CalculatorTests\CalculatorTests.csproj", "{CEF83484-E583-41F9-A24F-E52B622FF619}"
EndProject
Global
	GlobalSection(SolutionConfigurationPlatforms) = preSolution
		Debug|Any CPU = Debug|Any CPU
		Release|Any CPU = Release|Any CPU
	EndGlobalSection
	GlobalSection(ProjectConfigurationPlatforms) = postSolution
		{5C794F16-1D8D-45BF-AFC4-6ED2D18DCBCA}.Debug|Any CPU.ActiveCfg = Debug|Any CPU
		{5C794F16-1D8D-45BF-AFC4-6ED2D18DCBCA}.Debug|Any CPU.Build.0 = Debug|Any CPU
		{5C794F16-1D8D-45BF-AFC4-6ED2D18DCBCA}.Release|Any CPU.ActiveCfg = Release|Any CPU
		{5C794F16-1D8D-45BF-AFC4-6ED2D18DCBCA}.Release|Any CPU.Build.0 = Release|Any CPU
		{CEF83484-E583-41F9-A24F-E52B622FF619}.Debug|Any CPU.ActiveCfg = Debug|Any CPU
		{CEF83484-E583-41F9-A24F-E52B622FF619}.Debug|Any CPU.Build.0 = Debug|Any CPU
		{CEF83484-E583-41F9-A24F-E52B622FF619}.Release|Any CPU.ActiveCfg = Release|Any CPU
		{CEF83484-E583-41F9-A24F-E52B622FF619}.Release|Any CPU.Build.0 = Release|Any CPU
	EndGlobalSection
	GlobalSection(SolutionProperties) = preSolution
		HideSolutionNode = FALSE
	EndGlobalSection
	GlobalSection(ExtensibilityGlobals) = postSolution
		SolutionGuid = {8045427A-406D-4477-8DA3-9C9457D2B817}
	EndGlobalSection
EndGlobal
